
Microsoft Visual Studio Solution File, Format Version 12.00
# Visual Studio Version 16
VisualStudioVersion = 16.0.31624.102
MinimumVisualStudioVersion = 10.0.40219.1
Project("{FAE04EC0-301F-11D3-BF4B-00C04F79EFBC}") = "HuckFacts.Android", "HuckFacts\HuckFacts.Android\HuckFacts.Android.csproj", "{A0E5D53E-5AEC-4EEE-B2D3-669E2A254113}"
EndProject
Project("{FAE04EC0-301F-11D3-BF4B-00C04F79EFBC}") = "HuckFacts.iOS", "HuckFacts\HuckFacts.iOS\HuckFacts.iOS.csproj", "{B7EA9F8A-CE89-450C-9D2C-908F978C60B5}"
EndProject
Project("{FAE04EC0-301F-11D3-BF4B-00C04F79EFBC}") = "HuckFacts", "HuckFacts\HuckFacts\HuckFacts.csproj", "{11EF3267-46F6-4956-853B-49A6E8ED9B71}"
EndProject
Global
	GlobalSection(SolutionConfigurationPlatforms) = preSolution
		Debug|Any CPU = Debug|Any CPU
		Debug|iPhone = Debug|iPhone
		Debug|iPhoneSimulator = Debug|iPhoneSimulator
		Release|Any CPU = Release|Any CPU
		Release|iPhone = Release|iPhone
		Release|iPhoneSimulator = Release|iPhoneSimulator
	EndGlobalSection
	GlobalSection(ProjectConfigurationPlatforms) = postSolution
		{A0E5D53E-5AEC-4EEE-B2D3-669E2A254113}.Debug|Any CPU.ActiveCfg = Debug|Any CPU
		{A0E5D53E-5AEC-4EEE-B2D3-669E2A254113}.Debug|Any CPU.Build.0 = Debug|Any CPU
		{A0E5D53E-5AEC-4EEE-B2D3-669E2A254113}.Debug|Any CPU.Deploy.0 = Debug|Any CPU
		{A0E5D53E-5AEC-4EEE-B2D3-669E2A254113}.Debug|iPhone.ActiveCfg = Debug|Any CPU
		{A0E5D53E-5AEC-4EEE-B2D3-669E2A254113}.Debug|iPhone.Build.0 = Debug|Any CPU
		{A0E5D53E-5AEC-4EEE-B2D3-669E2A254113}.Debug|iPhone.Deploy.0 = Debug|Any CPU
		{A0E5D53E-5AEC-4EEE-B2D3-669E2A254113}.Debug|iPhoneSimulator.ActiveCfg = Debug|Any CPU
		{A0E5D53E-5AEC-4EEE-B2D3-669E2A254113}.Debug|iPhoneSimulator.Build.0 = Debug|Any CPU
		{A0E5D53E-5AEC-4EEE-B2D3-669E2A254113}.Debug|iPhoneSimulator.Deploy.0 = Debug|Any CPU
		{A0E5D53E-5AEC-4EEE-B2D3-669E2A254113}.Release|Any CPU.ActiveCfg = Release|Any CPU
		{A0E5D53E-5AEC-4EEE-B2D3-669E2A254113}.Release|Any CPU.Build.0 = Release|Any CPU
		{A0E5D53E-5AEC-4EEE-B2D3-669E2A254113}.Release|Any CPU.Deploy.0 = Release|Any CPU
		{A0E5D53E-5AEC-4EEE-B2D3-669E2A254113}.Release|iPhone.ActiveCfg = Release|Any CPU
		{A0E5D53E-5AEC-4EEE-B2D3-669E2A254113}.Release|iPhone.Build.0 = Release|Any CPU
		{A0E5D53E-5AEC-4EEE-B2D3-669E2A254113}.Release|iPhone.Deploy.0 = Release|Any CPU
		{A0E5D53E-5AEC-4EEE-B2D3-669E2A254113}.Release|iPhoneSimulator.ActiveCfg = Release|Any CPU
		{A0E5D53E-5AEC-4EEE-B2D3-669E2A254113}.Release|iPhoneSimulator.Build.0 = Release|Any CPU
		{A0E5D53E-5AEC-4EEE-B2D3-669E2A254113}.Release|iPhoneSimulator.Deploy.0 = Release|Any CPU
		{B7EA9F8A-CE89-450C-9D2C-908F978C60B5}.Debug|Any CPU.ActiveCfg = Debug|iPhone
		{B7EA9F8A-CE89-450C-9D2C-908F978C60B5}.Debug|Any CPU.Build.0 = Debug|iPhone
		{B7EA9F8A-CE89-450C-9D2C-908F978C60B5}.Debug|Any CPU.Deploy.0 = Debug|iPhone
		{B7EA9F8A-CE89-450C-9D2C-908F978C60B5}.Debug|iPhone.ActiveCfg = Debug|iPhone
		{B7EA9F8A-CE89-450C-9D2C-908F978C60B5}.Debug|iPhone.Build.0 = Debug|iPhone
		{B7EA9F8A-CE89-450C-9D2C-908F978C60B5}.Debug|iPhone.Deploy.0 = Debug|iPhone
		{B7EA9F8A-CE89-450C-9D2C-908F978C60B5}.Debug|iPhoneSimulator.ActiveCfg = Debug|iPhoneSimulator
		{B7EA9F8A-CE89-450C-9D2C-908F978C60B5}.Debug|iPhoneSimulator.Build.0 = Debug|iPhoneSimulator
		{B7EA9F8A-CE89-450C-9D2C-908F978C60B5}.Debug|iPhoneSimulator.Deploy.0 = Debug|iPhoneSimulator
		{B7EA9F8A-CE89-450C-9D2C-908F978C60B5}.Release|Any CPU.ActiveCfg = Release|iPhoneSimulator
		{B7EA9F8A-CE89-450C-9D2C-908F978C60B5}.Release|Any CPU.Build.0 = Release|iPhoneSimulator
		{B7EA9F8A-CE89-450C-9D2C-908F978C60B5}.Release|Any CPU.Deploy.0 = Release|iPhoneSimulator
		{B7EA9F8A-CE89-450C-9D2C-908F978C60B5}.Release|iPhone.ActiveCfg = Release|iPhone
		{B7EA9F8A-CE89-450C-9D2C-908F978C60B5}.Release|iPhone.Build.0 = Release|iPhone
		{B7EA9F8A-CE89-450C-9D2C-908F978C60B5}.Release|iPhone.Deploy.0 = Release|iPhone
		{B7EA9F8A-CE89-450C-9D2C-908F978C60B5}.Release|iPhoneSimulator.ActiveCfg = Release|iPhoneSimulator
		{B7EA9F8A-CE89-450C-9D2C-908F978C60B5}.Release|iPhoneSimulator.Build.0 = Release|iPhoneSimulator
		{B7EA9F8A-CE89-450C-9D2C-908F978C60B5}.Release|iPhoneSimulator.Deploy.0 = Release|iPhoneSimulator
		{11EF3267-46F6-4956-853B-49A6E8ED9B71}.Debug|Any CPU.ActiveCfg = Debug|Any CPU
		{11EF3267-46F6-4956-853B-49A6E8ED9B71}.Debug|Any CPU.Build.0 = Debug|Any CPU
		{11EF3267-46F6-4956-853B-49A6E8ED9B71}.Debug|Any CPU.Deploy.0 = Debug|Any CPU
		{11EF3267-46F6-4956-853B-49A6E8ED9B71}.Debug|iPhone.ActiveCfg = Debug|Any CPU
		{11EF3267-46F6-4956-853B-49A6E8ED9B71}.Debug|iPhone.Build.0 = Debug|Any CPU
		{11EF3267-46F6-4956-853B-49A6E8ED9B71}.Debug|iPhone.Deploy.0 = Debug|Any CPU
		{11EF3267-46F6-4956-853B-49A6E8ED9B71}.Debug|iPhoneSimulator.ActiveCfg = Debug|Any CPU
		{11EF3267-46F6-4956-853B-49A6E8ED9B71}.Debug|iPhoneSimulator.Build.0 = Debug|Any CPU
		{11EF3267-46F6-4956-853B-49A6E8ED9B71}.Debug|iPhoneSimulator.Deploy.0 = Debug|Any CPU
		{11EF3267-46F6-4956-853B-49A6E8ED9B71}.Release|Any CPU.ActiveCfg = Release|Any CPU
		{11EF3267-46F6-4956-853B-49A6E8ED9B71}.Release|Any CPU.Build.0 = Release|Any CPU
		{11EF3267-46F6-4956-853B-49A6E8ED9B71}.Release|Any CPU.Deploy.0 = Release|Any CPU
		{11EF3267-46F6-4956-853B-49A6E8ED9B71}.Release|iPhone.ActiveCfg = Release|Any CPU
		{11EF3267-46F6-4956-853B-49A6E8ED9B71}.Release|iPhone.Build.0 = Release|Any CPU
		{11EF3267-46F6-4956-853B-49A6E8ED9B71}.Release|iPhone.Deploy.0 = Release|Any CPU
		{11EF3267-46F6-4956-853B-49A6E8ED9B71}.Release|iPhoneSimulator.ActiveCfg = Release|Any CPU
		{11EF3267-46F6-4956-853B-49A6E8ED9B71}.Release|iPhoneSimulator.Build.0 = Release|Any CPU
		{11EF3267-46F6-4956-853B-49A6E8ED9B71}.Release|iPhoneSimulator.Deploy.0 = Release|Any CPU
	EndGlobalSection
	GlobalSection(SolutionProperties) = preSolution
		HideSolutionNode = FALSE
	EndGlobalSection
	GlobalSection(ExtensibilityGlobals) = postSolution
		SolutionGuid = {70DF8AEF-ECB1-4D8B-911A-029108F62D06}
	EndGlobalSection
EndGlobal
